// !$*UTF8*$!
{
	archiveVersion = 1;
	classes = {
	};
	objectVersion = 46;
	objects = {

/* Begin PBXBuildFile section */
		9F8D657D1681F3880066595E /* UIKit.framework in Frameworks */ = {isa = PBXBuildFile; fileRef = 9F8D657C1681F3880066595E /* UIKit.framework */; };
		9F8D657F1681F3880066595E /* Foundation.framework in Frameworks */ = {isa = PBXBuildFile; fileRef = 9F8D657E1681F3880066595E /* Foundation.framework */; };
		9F8D65811681F3880066595E /* CoreGraphics.framework in Frameworks */ = {isa = PBXBuildFile; fileRef = 9F8D65801681F3880066595E /* CoreGraphics.framework */; };
		9F8D65871681F3880066595E /* InfoPlist.strings in Resources */ = {isa = PBXBuildFile; fileRef = 9F8D65851681F3880066595E /* InfoPlist.strings */; };
		9F8D65891681F3880066595E /* main.m in Sources */ = {isa = PBXBuildFile; fileRef = 9F8D65881681F3880066595E /* main.m */; };
		9F8D658D1681F3880066595E /* DMAppDelegate.m in Sources */ = {isa = PBXBuildFile; fileRef = 9F8D658C1681F3880066595E /* DMAppDelegate.m */; };
		9F8D658F1681F3880066595E /* Default.png in Resources */ = {isa = PBXBuildFile; fileRef = 9F8D658E1681F3880066595E /* Default.png */; };
		9F8D65911681F3880066595E /* Default@2x.png in Resources */ = {isa = PBXBuildFile; fileRef = 9F8D65901681F3880066595E /* Default@2x.png */; };
		9F8D65931681F3880066595E /* Default-568h@2x.png in Resources */ = {isa = PBXBuildFile; fileRef = 9F8D65921681F3880066595E /* Default-568h@2x.png */; };
		9F8D65961681F3880066595E /* DMContactlistViewController.m in Sources */ = {isa = PBXBuildFile; fileRef = 9F8D65951681F3880066595E /* DMContactlistViewController.m */; };
		9F8D65991681F3880066595E /* DMContactlistViewController.xib in Resources */ = {isa = PBXBuildFile; fileRef = 9F8D65971681F3880066595E /* DMContactlistViewController.xib */; };
		9F8D65A21681F6170066595E /* DMContact.m in Sources */ = {isa = PBXBuildFile; fileRef = 9F8D65A11681F6170066595E /* DMContact.m */; };
		9F8D65A41681FABE0066595E /* Social.framework in Frameworks */ = {isa = PBXBuildFile; fileRef = 9F8D65A31681FABE0066595E /* Social.framework */; };
		9F8D65A61681FAC20066595E /* Accounts.framework in Frameworks */ = {isa = PBXBuildFile; fileRef = 9F8D65A51681FAC20066595E /* Accounts.framework */; };
		9F8D65A81681FF130066595E /* ImageIO.framework in Frameworks */ = {isa = PBXBuildFile; fileRef = 9F8D65A71681FF130066595E /* ImageIO.framework */; };
		9F8D65AB1681FF860066595E /* FacebookSDK.framework in Frameworks */ = {isa = PBXBuildFile; fileRef = 9F8D65A91681FF860066595E /* FacebookSDK.framework */; };
		9F8D65AC1681FF860066595E /* SDWebImage.framework in Frameworks */ = {isa = PBXBuildFile; fileRef = 9F8D65AA1681FF860066595E /* SDWebImage.framework */; };
		9F8D65CB16821E7A0066595E /* AddressBook.framework in Frameworks */ = {isa = PBXBuildFile; fileRef = 9F8D65CA16821E7A0066595E /* AddressBook.framework */; };
		9F8D65CD16821E870066595E /* libsqlite3.dylib in Frameworks */ = {isa = PBXBuildFile; fileRef = 9F8D65CC16821E870066595E /* libsqlite3.dylib */; };
		9F8D65CF16821E9E0066595E /* SystemConfiguration.framework in Frameworks */ = {isa = PBXBuildFile; fileRef = 9F8D65CE16821E9E0066595E /* SystemConfiguration.framework */; };
		9F8D65D116821EB70066595E /* AdSupport.framework in Frameworks */ = {isa = PBXBuildFile; fileRef = 9F8D65D016821EB70066595E /* AdSupport.framework */; };
		9F8D65D316821EBA0066595E /* CFNetwork.framework in Frameworks */ = {isa = PBXBuildFile; fileRef = 9F8D65D216821EBA0066595E /* CFNetwork.framework */; };
		9F8D65E3168250860066595E /* placeholder.png in Resources */ = {isa = PBXBuildFile; fileRef = 9F8D65E2168250860066595E /* placeholder.png */; };
/* End PBXBuildFile section */

/* Begin PBXFileReference section */
		9F8D65781681F3880066595E /* DMSocialContactsList.app */ = {isa = PBXFileReference; explicitFileType = wrapper.application; includeInIndex = 0; path = DMSocialContactsList.app; sourceTree = BUILT_PRODUCTS_DIR; };
		9F8D657C1681F3880066595E /* UIKit.framework */ = {isa = PBXFileReference; lastKnownFileType = wrapper.framework; name = UIKit.framework; path = System/Library/Frameworks/UIKit.framework; sourceTree = SDKROOT; };
		9F8D657E1681F3880066595E /* Foundation.framework */ = {isa = PBXFileReference; lastKnownFileType = wrapper.framework; name = Foundation.framework; path = System/Library/Frameworks/Foundation.framework; sourceTree = SDKROOT; };
		9F8D65801681F3880066595E /* CoreGraphics.framework */ = {isa = PBXFileReference; lastKnownFileType = wrapper.framework; name = CoreGraphics.framework; path = System/Library/Frameworks/CoreGraphics.framework; sourceTree = SDKROOT; };
		9F8D65841681F3880066595E /* DMSocialContactsList-Info.plist */ = {isa = PBXFileReference; lastKnownFileType = text.plist.xml; path = "DMSocialContactsList-Info.plist"; sourceTree = "<group>"; };
		9F8D65861681F3880066595E /* en */ = {isa = PBXFileReference; lastKnownFileType = text.plist.strings; name = en; path = en.lproj/InfoPlist.strings; sourceTree = "<group>"; };
		9F8D65881681F3880066595E /* main.m */ = {isa = PBXFileReference; lastKnownFileType = sourcecode.c.objc; path = main.m; sourceTree = "<group>"; };
		9F8D658A1681F3880066595E /* DMSocialContactsList-Prefix.pch */ = {isa = PBXFileReference; lastKnownFileType = sourcecode.c.h; path = "DMSocialContactsList-Prefix.pch"; sourceTree = "<group>"; };
		9F8D658B1681F3880066595E /* DMAppDelegate.h */ = {isa = PBXFileReference; lastKnownFileType = sourcecode.c.h; path = DMAppDelegate.h; sourceTree = "<group>"; };
		9F8D658C1681F3880066595E /* DMAppDelegate.m */ = {isa = PBXFileReference; lastKnownFileType = sourcecode.c.objc; path = DMAppDelegate.m; sourceTree = "<group>"; };
		9F8D658E1681F3880066595E /* Default.png */ = {isa = PBXFileReference; lastKnownFileType = image.png; path = Default.png; sourceTree = "<group>"; };
		9F8D65901681F3880066595E /* Default@2x.png */ = {isa = PBXFileReference; lastKnownFileType = image.png; path = "Default@2x.png"; sourceTree = "<group>"; };
		9F8D65921681F3880066595E /* Default-568h@2x.png */ = {isa = PBXFileReference; lastKnownFileType = image.png; path = "Default-568h@2x.png"; sourceTree = "<group>"; };
		9F8D65941681F3880066595E /* DMContactlistViewController.h */ = {isa = PBXFileReference; lastKnownFileType = sourcecode.c.h; path = DMContactlistViewController.h; sourceTree = "<group>"; };
		9F8D65951681F3880066595E /* DMContactlistViewController.m */ = {isa = PBXFileReference; lastKnownFileType = sourcecode.c.objc; path = DMContactlistViewController.m; sourceTree = "<group>"; };
		9F8D65981681F3880066595E /* en */ = {isa = PBXFileReference; lastKnownFileType = file.xib; name = en; path = en.lproj/DMContactlistViewController.xib; sourceTree = "<group>"; };
		9F8D65A01681F6170066595E /* DMContact.h */ = {isa = PBXFileReference; fileEncoding = 4; lastKnownFileType = sourcecode.c.h; path = DMContact.h; sourceTree = "<group>"; };
		9F8D65A11681F6170066595E /* DMContact.m */ = {isa = PBXFileReference; fileEncoding = 4; lastKnownFileType = sourcecode.c.objc; path = DMContact.m; sourceTree = "<group>"; };
		9F8D65A31681FABE0066595E /* Social.framework */ = {isa = PBXFileReference; lastKnownFileType = wrapper.framework; name = Social.framework; path = System/Library/Frameworks/Social.framework; sourceTree = SDKROOT; };
		9F8D65A51681FAC20066595E /* Accounts.framework */ = {isa = PBXFileReference; lastKnownFileType = wrapper.framework; name = Accounts.framework; path = System/Library/Frameworks/Accounts.framework; sourceTree = SDKROOT; };
		9F8D65A71681FF130066595E /* ImageIO.framework */ = {isa = PBXFileReference; lastKnownFileType = wrapper.framework; name = ImageIO.framework; path = System/Library/Frameworks/ImageIO.framework; sourceTree = SDKROOT; };
		9F8D65A91681FF860066595E /* FacebookSDK.framework */ = {isa = PBXFileReference; lastKnownFileType = wrapper.framework; name = FacebookSDK.framework; path = DMSocialContactsList/libraries/FacebookSDK.framework; sourceTree = "<group>"; };
		9F8D65AA1681FF860066595E /* SDWebImage.framework */ = {isa = PBXFileReference; lastKnownFileType = wrapper.framework; name = SDWebImage.framework; path = DMSocialContactsList/libraries/SDWebImage.framework; sourceTree = "<group>"; };
		9F8D65CA16821E7A0066595E /* AddressBook.framework */ = {isa = PBXFileReference; lastKnownFileType = wrapper.framework; name = AddressBook.framework; path = System/Library/Frameworks/AddressBook.framework; sourceTree = SDKROOT; };
		9F8D65CC16821E870066595E /* libsqlite3.dylib */ = {isa = PBXFileReference; lastKnownFileType = "compiled.mach-o.dylib"; name = libsqlite3.dylib; path = usr/lib/libsqlite3.dylib; sourceTree = SDKROOT; };
		9F8D65CE16821E9E0066595E /* SystemConfiguration.framework */ = {isa = PBXFileReference; lastKnownFileType = wrapper.framework; name = SystemConfiguration.framework; path = System/Library/Frameworks/SystemConfiguration.framework; sourceTree = SDKROOT; };
		9F8D65D016821EB70066595E /* AdSupport.framework */ = {isa = PBXFileReference; lastKnownFileType = wrapper.framework; name = AdSupport.framework; path = System/Library/Frameworks/AdSupport.framework; sourceTree = SDKROOT; };
		9F8D65D216821EBA0066595E /* CFNetwork.framework */ = {isa = PBXFileReference; lastKnownFileType = wrapper.framework; name = CFNetwork.framework; path = System/Library/Frameworks/CFNetwork.framework; sourceTree = SDKROOT; };
		9F8D65E2168250860066595E /* placeholder.png */ = {isa = PBXFileReference; lastKnownFileType = image.png; path = placeholder.png; sourceTree = "<group>"; };
/* End PBXFileReference section */

/* Begin PBXFrameworksBuildPhase section */
		9F8D65751681F3880066595E /* Frameworks */ = {
			isa = PBXFrameworksBuildPhase;
			buildActionMask = 2147483647;
			files = (
				9F8D65D316821EBA0066595E /* CFNetwork.framework in Frameworks */,
				9F8D65D116821EB70066595E /* AdSupport.framework in Frameworks */,
				9F8D65CF16821E9E0066595E /* SystemConfiguration.framework in Frameworks */,
				9F8D65CD16821E870066595E /* libsqlite3.dylib in Frameworks */,
				9F8D65CB16821E7A0066595E /* AddressBook.framework in Frameworks */,
				9F8D65A81681FF130066595E /* ImageIO.framework in Frameworks */,
				9F8D65A61681FAC20066595E /* Accounts.framework in Frameworks */,
				9F8D65A41681FABE0066595E /* Social.framework in Frameworks */,
				9F8D657D1681F3880066595E /* UIKit.framework in Frameworks */,
				9F8D657F1681F3880066595E /* Foundation.framework in Frameworks */,
				9F8D65811681F3880066595E /* CoreGraphics.framework in Frameworks */,
				9F8D65AB1681FF860066595E /* FacebookSDK.framework in Frameworks */,
				9F8D65AC1681FF860066595E /* SDWebImage.framework in Frameworks */,
			);
			runOnlyForDeploymentPostprocessing = 0;
		};
/* End PBXFrameworksBuildPhase section */

/* Begin PBXGroup section */
		9F8D656D1681F3870066595E = {
			isa = PBXGroup;
			children = (
				9F8D65821681F3880066595E /* DMSocialContactsList */,
				9F8D657B1681F3880066595E /* Frameworks */,
				9F8D65791681F3880066595E /* Products */,
			);
			sourceTree = "<group>";
		};
		9F8D65791681F3880066595E /* Products */ = {
			isa = PBXGroup;
			children = (
				9F8D65781681F3880066595E /* DMSocialContactsList.app */,
			);
			name = Products;
			sourceTree = "<group>";
		};
		9F8D657B1681F3880066595E /* Frameworks */ = {
			isa = PBXGroup;
			children = (
				9F8D65D216821EBA0066595E /* CFNetwork.framework */,
				9F8D65D016821EB70066595E /* AdSupport.framework */,
				9F8D65CE16821E9E0066595E /* SystemConfiguration.framework */,
				9F8D65CC16821E870066595E /* libsqlite3.dylib */,
				9F8D65CA16821E7A0066595E /* AddressBook.framework */,
				9F8D65A91681FF860066595E /* FacebookSDK.framework */,
				9F8D65AA1681FF860066595E /* SDWebImage.framework */,
				9F8D65A71681FF130066595E /* ImageIO.framework */,
				9F8D65A51681FAC20066595E /* Accounts.framework */,
				9F8D65A31681FABE0066595E /* Social.framework */,
				9F8D657C1681F3880066595E /* UIKit.framework */,
				9F8D657E1681F3880066595E /* Foundation.framework */,
				9F8D65801681F3880066595E /* CoreGraphics.framework */,
			);
			name = Frameworks;
			sourceTree = "<group>";
		};
		9F8D65821681F3880066595E /* DMSocialContactsList */ = {
			isa = PBXGroup;
			children = (
				9F8D659F1681F3BB0066595E /* Model */,
				9F8D658B1681F3880066595E /* DMAppDelegate.h */,
				9F8D658C1681F3880066595E /* DMAppDelegate.m */,
				9F8D65941681F3880066595E /* DMContactlistViewController.h */,
				9F8D65951681F3880066595E /* DMContactlistViewController.m */,
				9F8D65971681F3880066595E /* DMContactlistViewController.xib */,
				9F8D65831681F3880066595E /* Supporting Files */,
			);
			path = DMSocialContactsList;
			sourceTree = "<group>";
		};
		9F8D65831681F3880066595E /* Supporting Files */ = {
			isa = PBXGroup;
			children = (
				9F8D65E2168250860066595E /* placeholder.png */,
				9F8D65841681F3880066595E /* DMSocialContactsList-Info.plist */,
				9F8D65851681F3880066595E /* InfoPlist.strings */,
				9F8D65881681F3880066595E /* main.m */,
				9F8D658A1681F3880066595E /* DMSocialContactsList-Prefix.pch */,
				9F8D658E1681F3880066595E /* Default.png */,
				9F8D65901681F3880066595E /* Default@2x.png */,
				9F8D65921681F3880066595E /* Default-568h@2x.png */,
			);
			name = "Supporting Files";
			sourceTree = "<group>";
		};
		9F8D659F1681F3BB0066595E /* Model */ = {
			isa = PBXGroup;
			children = (
				9F8D65A01681F6170066595E /* DMContact.h */,
				9F8D65A11681F6170066595E /* DMContact.m */,
			);
			name = Model;
			sourceTree = "<group>";
		};
/* End PBXGroup section */

/* Begin PBXNativeTarget section */
		9F8D65771681F3880066595E /* DMSocialContactsList */ = {
			isa = PBXNativeTarget;
			buildConfigurationList = 9F8D659C1681F3880066595E /* Build configuration list for PBXNativeTarget "DMSocialContactsList" */;
			buildPhases = (
				9F8D65741681F3880066595E /* Sources */,
				9F8D65751681F3880066595E /* Frameworks */,
				9F8D65761681F3880066595E /* Resources */,
			);
			buildRules = (
			);
			dependencies = (
			);
			name = DMSocialContactsList;
			productName = DMSocialContactsList;
			productReference = 9F8D65781681F3880066595E /* DMSocialContactsList.app */;
			productType = "com.apple.product-type.application";
		};
/* End PBXNativeTarget section */

/* Begin PBXProject section */
		9F8D656F1681F3870066595E /* Project object */ = {
			isa = PBXProject;
			attributes = {
				CLASSPREFIX = DM;
				LastUpgradeCheck = 0450;
				ORGANIZATIONNAME = "Thomas Ricouard";
			};
			buildConfigurationList = 9F8D65721681F3870066595E /* Build configuration list for PBXProject "DMSocialContactsList" */;
			compatibilityVersion = "Xcode 3.2";
			developmentRegion = English;
			hasScannedForEncodings = 0;
			knownRegions = (
				en,
			);
			mainGroup = 9F8D656D1681F3870066595E;
			productRefGroup = 9F8D65791681F3880066595E /* Products */;
			projectDirPath = "";
			projectRoot = "";
			targets = (
				9F8D65771681F3880066595E /* DMSocialContactsList */,
			);
		};
/* End PBXProject section */

/* Begin PBXResourcesBuildPhase section */
		9F8D65761681F3880066595E /* Resources */ = {
			isa = PBXResourcesBuildPhase;
			buildActionMask = 2147483647;
			files = (
				9F8D65871681F3880066595E /* InfoPlist.strings in Resources */,
				9F8D658F1681F3880066595E /* Default.png in Resources */,
				9F8D65911681F3880066595E /* Default@2x.png in Resources */,
				9F8D65931681F3880066595E /* Default-568h@2x.png in Resources */,
				9F8D65991681F3880066595E /* DMContactlistViewController.xib in Resources */,
				9F8D65E3168250860066595E /* placeholder.png in Resources */,
			);
			runOnlyForDeploymentPostprocessing = 0;
		};
/* End PBXResourcesBuildPhase section */

/* Begin PBXSourcesBuildPhase section */
		9F8D65741681F3880066595E /* Sources */ = {
			isa = PBXSourcesBuildPhase;
			buildActionMask = 2147483647;
			files = (
				9F8D65891681F3880066595E /* main.m in Sources */,
				9F8D658D1681F3880066595E /* DMAppDelegate.m in Sources */,
				9F8D65961681F3880066595E /* DMContactlistViewController.m in Sources */,
				9F8D65A21681F6170066595E /* DMContact.m in Sources */,
			);
			runOnlyForDeploymentPostprocessing = 0;
		};
/* End PBXSourcesBuildPhase section */

/* Begin PBXVariantGroup section */
		9F8D65851681F3880066595E /* InfoPlist.strings */ = {
			isa = PBXVariantGroup;
			children = (
				9F8D65861681F3880066595E /* en */,
			);
			name = InfoPlist.strings;
			sourceTree = "<group>";
		};
		9F8D65971681F3880066595E /* DMContactlistViewController.xib */ = {
			isa = PBXVariantGroup;
			children = (
				9F8D65981681F3880066595E /* en */,
			);
			name = DMContactlistViewController.xib;
			sourceTree = "<group>";
		};
/* End PBXVariantGroup section */

/* Begin XCBuildConfiguration section */
		9F8D659A1681F3880066595E /* Debug */ = {
			isa = XCBuildConfiguration;
			buildSettings = {
				ALWAYS_SEARCH_USER_PATHS = NO;
				CLANG_CXX_LANGUAGE_STANDARD = "gnu++0x";
				CLANG_CXX_LIBRARY = "libc++";
				CLANG_ENABLE_OBJC_ARC = YES;
				CLANG_WARN_EMPTY_BODY = YES;
				CLANG_WARN__DUPLICATE_METHOD_MATCH = YES;
				"CODE_SIGN_IDENTITY[sdk=iphoneos*]" = "iPhone Developer";
				COPY_PHASE_STRIP = NO;
				GCC_C_LANGUAGE_STANDARD = gnu99;
				GCC_DYNAMIC_NO_PIC = NO;
				GCC_OPTIMIZATION_LEVEL = 0;
				GCC_PREPROCESSOR_DEFINITIONS = (
					"DEBUG=1",
					"$(inherited)",
				);
				GCC_SYMBOLS_PRIVATE_EXTERN = NO;
				GCC_WARN_ABOUT_RETURN_TYPE = YES;
				GCC_WARN_UNINITIALIZED_AUTOS = YES;
				GCC_WARN_UNUSED_VARIABLE = YES;
				IPHONEOS_DEPLOYMENT_TARGET = 6.0;
				ONLY_ACTIVE_ARCH = YES;
				SDKROOT = iphoneos;
			};
			name = Debug;
		};
		9F8D659B1681F3880066595E /* Release */ = {
			isa = XCBuildConfiguration;
			buildSettings = {
				ALWAYS_SEARCH_USER_PATHS = NO;
				CLANG_CXX_LANGUAGE_STANDARD = "gnu++0x";
				CLANG_CXX_LIBRARY = "libc++";
				CLANG_ENABLE_OBJC_ARC = YES;
				CLANG_WARN_EMPTY_BODY = YES;
				CLANG_WARN__DUPLICATE_METHOD_MATCH = YES;
				"CODE_SIGN_IDENTITY[sdk=iphoneos*]" = "iPhone Developer";
				COPY_PHASE_STRIP = YES;
				GCC_C_LANGUAGE_STANDARD = gnu99;
				GCC_WARN_ABOUT_RETURN_TYPE = YES;
				GCC_WARN_UNINITIALIZED_AUTOS = YES;
				GCC_WARN_UNUSED_VARIABLE = YES;
				IPHONEOS_DEPLOYMENT_TARGET = 6.0;
				OTHER_CFLAGS = "-DNS_BLOCK_ASSERTIONS=1";
				SDKROOT = iphoneos;
				VALIDATE_PRODUCT = YES;
			};
			name = Release;
		};
		9F8D659D1681F3880066595E /* Debug */ = {
			isa = XCBuildConfiguration;
			buildSettings = {
				FRAMEWORK_SEARCH_PATHS = (
					"$(inherited)",
					"\"$(SRCROOT)/DMSocialContactsList/libraries\"",
				);
				GCC_PRECOMPILE_PREFIX_HEADER = YES;
				GCC_PREFIX_HEADER = "DMSocialContactsList/DMSocialContactsList-Prefix.pch";
				INFOPLIST_FILE = "DMSocialContactsList/DMSocialContactsList-Info.plist";
				OTHER_LDFLAGS = "-ObjC";
				PRODUCT_NAME = "$(TARGET_NAME)";
				WRAPPER_EXTENSION = app;
			};
			name = Debug;
		};
		9F8D659E1681F3880066595E /* Release */ = {
			isa = XCBuildConfiguration;
			buildSettings = {
				FRAMEWORK_SEARCH_PATHS = (
					"$(inherited)",
					"\"$(SRCROOT)/DMSocialContactsList/libraries\"",
				);
				GCC_PRECOMPILE_PREFIX_HEADER = YES;
				GCC_PREFIX_HEADER = "DMSocialContactsList/DMSocialContactsList-Prefix.pch";
				INFOPLIST_FILE = "DMSocialContactsList/DMSocialContactsList-Info.plist";
				OTHER_LDFLAGS = "-ObjC";
				PRODUCT_NAME = "$(TARGET_NAME)";
				WRAPPER_EXTENSION = app;
			};
			name = Release;
		};
/* End XCBuildConfiguration section */

/* Begin XCConfigurationList section */
		9F8D65721681F3870066595E /* Build configuration list for PBXProject "DMSocialContactsList" */ = {
			isa = XCConfigurationList;
			buildConfigurations = (
				9F8D659A1681F3880066595E /* Debug */,
				9F8D659B1681F3880066595E /* Release */,
			);
			defaultConfigurationIsVisible = 0;
			defaultConfigurationName = Release;
		};
		9F8D659C1681F3880066595E /* Build configuration list for PBXNativeTarget "DMSocialContactsList" */ = {
			isa = XCConfigurationList;
			buildConfigurations = (
				9F8D659D1681F3880066595E /* Debug */,
				9F8D659E1681F3880066595E /* Release */,
			);
			defaultConfigurationIsVisible = 0;
			defaultConfigurationName = Release;
		};
/* End XCConfigurationList section */
	};
	rootObject = 9F8D656F1681F3870066595E /* Project object */;
}
